{
  "nodes": {
    "home-manager": {
      "inputs": {
        "nixpkgs": [
          "nixpkgs"
        ]
      },
      "locked": {
        "lastModified": 1736373539,
        "narHash": "sha256-dinzAqCjenWDxuy+MqUQq0I4zUSfaCvN9rzuCmgMZJY=",
        "owner": "nix-community",
        "repo": "home-manager",
        "rev": "bd65bc3cde04c16755955630b344bc9e35272c56",
        "type": "github"
      },
      "original": {
        "owner": "nix-community",
        "ref": "release-24.11",
        "repo": "home-manager",
        "type": "github"
      }
    },
    "nixos-hardware": {
      "locked": {
        "lastModified": 1736978406,
        "narHash": "sha256-oMr3PVIQ8XPDI8/x6BHxsWEPBRU98Pam6KGVwUh8MPk=",
        "owner": "nixos",
        "repo": "nixos-hardware",
        "rev": "b678606690027913f3434dea3864e712b862dde5",
        "type": "github"
      },
      "original": {
        "owner": "nixos",
        "repo": "nixos-hardware",
        "type": "github"
      }
    },
    "nixpkgs": {
      "locked": {
        "lastModified": 1737165118,
        "narHash": "sha256-s40Kk/OulP3J/1JvC3VT16U4r/Xw6Qdi7SRw3LYkPWs=",
        "owner": "nixos",
        "repo": "nixpkgs",
        "rev": "6a3ae7a5a12fb8cac2d59d7df7cbd95f9b2f0566",
        "type": "github"
      },
      "original": {
        "owner": "nixos",
        "ref": "nixos-24.11",
        "repo": "nixpkgs",
        "type": "github"
      }
    },
    "nixpkgs-master": {
      "locked": {
        "lastModified": 1737245869,
        "narHash": "sha256-tMoiU0Gdtcwj2J4cu/nB57YzlMQIl4CYz7hscie/T9g=",
        "owner": "nixos",
        "repo": "nixpkgs",
        "rev": "b1b1d927bb592ec2061fd6830d58d4cae0ca92ea",
        "type": "github"
      },
      "original": {
        "owner": "nixos",
        "ref": "master",
        "repo": "nixpkgs",
        "type": "github"
      }
    },
    "nixpkgs-unstable": {
      "locked": {
        "lastModified": 1737062831,
        "narHash": "sha256-Tbk1MZbtV2s5aG+iM99U8FqwxU/YNArMcWAv6clcsBc=",
        "owner": "nixos",
        "repo": "nixpkgs",
        "rev": "5df43628fdf08d642be8ba5b3625a6c70731c19c",
        "type": "github"
      },
      "original": {
        "owner": "nixos",
        "ref": "nixos-unstable",
        "repo": "nixpkgs",
        "type": "github"
      }
    },
    "nixpkgs_2": {
      "locked": {
        "lastModified": 1731763621,
        "narHash": "sha256-ddcX4lQL0X05AYkrkV2LMFgGdRvgap7Ho8kgon3iWZk=",
        "owner": "NixOS",
        "repo": "nixpkgs",
        "rev": "c69a9bffbecde46b4b939465422ddc59493d3e4d",
        "type": "github"
      },
      "original": {
        "owner": "NixOS",
        "ref": "nixpkgs-unstable",
        "repo": "nixpkgs",
        "type": "github"
      }
    },
    "root": {
      "inputs": {
        "home-manager": "home-manager",
        "nixos-hardware": "nixos-hardware",
        "nixpkgs": "nixpkgs",
        "nixpkgs-master": "nixpkgs-master",
        "nixpkgs-unstable": "nixpkgs-unstable",
        "sops-nix": "sops-nix"
      }
    },
    "sops-nix": {
      "inputs": {
        "nixpkgs": "nixpkgs_2"
      },
      "locked": {
        "lastModified": 1737107480,
        "narHash": "sha256-GXUE9+FgxoZU8v0p6ilBJ8NH7k8nKmZjp/7dmMrCv3o=",
        "owner": "Mic92",
        "repo": "sops-nix",
        "rev": "4c4fb93f18b9072c6fa1986221f9a3d7bf1fe4b6",
        "type": "github"
      },
      "original": {
        "owner": "Mic92",
        "repo": "sops-nix",
        "type": "github"
      }
    }
  },
  "root": "root",
  "version": 7
}
